
Microsoft Visual Studio Solution File, Format Version 12.00
# Visual Studio Version 17
VisualStudioVersion = 17.12.35514.174
MinimumVisualStudioVersion = 10.0.40219.1
Project("{FAE04EC0-301F-11D3-BF4B-00C04F79EFBC}") = "Identity.Mphcare", "Mph.Identity\Identity.Mphcare.csproj", "{0912CB73-2970-4D4C-8876-C701A73E63FF}"
EndProject
Project("{FAE04EC0-301F-11D3-BF4B-00C04F79EFBC}") = "API.Mphcare", "API.Mphcare\API.Mphcare.csproj", "{4361FC43-B9DB-4D20-A6AD-294E90F45FA9}"
EndProject
Project("{FAE04EC0-301F-11D3-BF4B-00C04F79EFBC}") = "Domain.Mphcare", "Domain.Mphcare\Domain.Mphcare.csproj", "{1D0F9637-881A-4435-9889-EC4A80393ADC}"
EndProject
Project("{FAE04EC0-301F-11D3-BF4B-00C04F79EFBC}") = "Application.Mphcare", "Application.Mphcare\Application.Mphcare.csproj", "{6F276F9C-497F-4440-B68A-43C9742CA98B}"
EndProject
Global
	GlobalSection(SolutionConfigurationPlatforms) = preSolution
		Debug|Any CPU = Debug|Any CPU
		Release|Any CPU = Release|Any CPU
	EndGlobalSection
	GlobalSection(ProjectConfigurationPlatforms) = postSolution
		{0912CB73-2970-4D4C-8876-C701A73E63FF}.Debug|Any CPU.ActiveCfg = Debug|Any CPU
		{0912CB73-2970-4D4C-8876-C701A73E63FF}.Debug|Any CPU.Build.0 = Debug|Any CPU
		{0912CB73-2970-4D4C-8876-C701A73E63FF}.Release|Any CPU.ActiveCfg = Release|Any CPU
		{0912CB73-2970-4D4C-8876-C701A73E63FF}.Release|Any CPU.Build.0 = Release|Any CPU
		{4361FC43-B9DB-4D20-A6AD-294E90F45FA9}.Debug|Any CPU.ActiveCfg = Debug|Any CPU
		{4361FC43-B9DB-4D20-A6AD-294E90F45FA9}.Debug|Any CPU.Build.0 = Debug|Any CPU
		{4361FC43-B9DB-4D20-A6AD-294E90F45FA9}.Release|Any CPU.ActiveCfg = Release|Any CPU
		{4361FC43-B9DB-4D20-A6AD-294E90F45FA9}.Release|Any CPU.Build.0 = Release|Any CPU
		{1D0F9637-881A-4435-9889-EC4A80393ADC}.Debug|Any CPU.ActiveCfg = Debug|Any CPU
		{1D0F9637-881A-4435-9889-EC4A80393ADC}.Debug|Any CPU.Build.0 = Debug|Any CPU
		{1D0F9637-881A-4435-9889-EC4A80393ADC}.Release|Any CPU.ActiveCfg = Release|Any CPU
		{1D0F9637-881A-4435-9889-EC4A80393ADC}.Release|Any CPU.Build.0 = Release|Any CPU
		{6F276F9C-497F-4440-B68A-43C9742CA98B}.Debug|Any CPU.ActiveCfg = Debug|Any CPU
		{6F276F9C-497F-4440-B68A-43C9742CA98B}.Debug|Any CPU.Build.0 = Debug|Any CPU
		{6F276F9C-497F-4440-B68A-43C9742CA98B}.Release|Any CPU.ActiveCfg = Release|Any CPU
		{6F276F9C-497F-4440-B68A-43C9742CA98B}.Release|Any CPU.Build.0 = Release|Any CPU
	EndGlobalSection
	GlobalSection(SolutionProperties) = preSolution
		HideSolutionNode = FALSE
	EndGlobalSection
EndGlobal
